<?xml version="1.0" encoding="UTF-8" standalone="yes" ?>
<CodeBlocks_project_file>
	<FileVersion major="1" minor="6" />
	<Project>
		<Option title="fastw3join" />
		<Option pch_mode="0" />
		<Option compiler="gcc" />
		<Build>
			<Target title="Debug">
				<Option output="bin\Debug\fastw3join" prefix_auto="1" extension_auto="1" />
				<Option object_output="obj\Debug\" />
				<Option type="1" />
				<Option compiler="gcc" />
				<Option projectLinkerOptionsRelation="2" />
				<Compiler>
					<Add option="-g" />
					<Add option="-D__WXDEBUG__" />
					<Add directory="C:\wxWidgets-2.8.10\lib\gcc_dll\mswud" />
				</Compiler>
				<ResourceCompiler>
					<Add directory="C:\wxWidgets-2.8.0\lib\gcc_dll\mswd" />
				</ResourceCompiler>
				<Linker>
					<Add library="C:\wxWidgets-2.8.10\lib\gcc_dll\libwxmsw28ud.a" />
					<Add library="C:\Users\jhasse\Desktop\boost_1_42_0\bin.v2\libs\regex\build\gcc-mingw-4.4.0\debug\link-static\libboost_regex-mgw44-d-1_42.lib" />
					<Add directory="C:\wxWidgets-2.8.0\lib\gcc_dll" />
				</Linker>
			</Target>
			<Target title="Release">
				<Option output="bin\Release\fastw3join" prefix_auto="1" extension_auto="1" />
				<Option object_output="obj\Release\" />
				<Option type="0" />
				<Option compiler="gcc" />
				<Option projectLinkerOptionsRelation="2" />
				<Compiler>
					<Add option="-O2" />
					<Add directory="C:\wxWidgets-2.8.10\lib\gcc_dll\mswu" />
				</Compiler>
				<ResourceCompiler>
					<Add directory="C:\wxWidgets-2.8.0\lib\gcc_lib" />
				</ResourceCompiler>
				<Linker>
					<Add option="-s" />
					<Add library="C:\wxWidgets-2.8.10\lib\gcc_dll\libwxmsw28u.a" />
					<Add library="C:\Users\jhasse\Desktop\boost_1_42_0\bin.v2\libs\regex\build\gcc-mingw-4.4.0\release\link-static\threading-multi\libboost_regex-mgw44-mt-1_42.lib" />
					<Add directory="C:\wxWidgets-2.8.0\lib\gcc_lib" />
				</Linker>
			</Target>
		</Build>
		<Compiler>
			<Add option="-Wall" />
			<Add option="-pipe" />
			<Add option="-mthreads" />
			<Add option="-Winvalid-pch" />
			<Add option="-include wx_pch.h" />
			<Add option="-D__GNUWIN32__" />
			<Add option="-D__WXMSW__" />
			<Add option="-DWXUSINGDLL" />
			<Add option="-DwxUSE_UNICODE" />
			<Add option="-DUSE_PCH" />
			<Add directory="C:\wxWidgets-2.8.10\include" />
			<Add directory="WpdPack\Include" />
		</Compiler>
		<ResourceCompiler>
			<Add directory="C:\wxWidgets-2.8.0\include" />
		</ResourceCompiler>
		<Linker>
			<Add library="C:\Users\jhasse\git\main\fastw3join\WpdPack\Lib\libwpcap.a" />
			<Add library="libkernel32.a" />
			<Add library="libuser32.a" />
			<Add library="libgdi32.a" />
			<Add library="libwinspool.a" />
			<Add library="libcomdlg32.a" />
			<Add library="libadvapi32.a" />
			<Add library="libshell32.a" />
			<Add library="libole32.a" />
			<Add library="liboleaut32.a" />
			<Add library="libuuid.a" />
			<Add library="libcomctl32.a" />
			<Add library="libwsock32.a" />
			<Add library="libodbc32.a" />
		</Linker>
		<Unit filename="app.cpp" />
		<Unit filename="app.h" />
		<Unit filename="app.rc">
			<Option compilerVar="WINDRES" />
		</Unit>
		<Unit filename="jan-nik.cpp" />
		<Unit filename="jan-nik.hpp" />
		<Unit filename="wx_pch.h">
			<Option compile="1" />
			<Option weight="0" />
		</Unit>
		<Extensions>
			<code_completion />
			<debugger />
		</Extensions>
	</Project>
</CodeBlocks_project_file>
